
Microsoft Visual Studio Solution File, Format Version 11.00
# Visual Studio 2010
Project("{FAE04EC0-301F-11D3-BF4B-00C04F79EFBC}") = "VuforiaScripts", "VuforiaScripts.csproj", "{7E36F910-AEA5-C4BB-4C12-1441DF39FEA9}"
EndProject
Project("{FAE04EC0-301F-11D3-BF4B-00C04F79EFBC}") = "Assembly-CSharp", "Assembly-CSharp.csproj", "{DFABFB18-7927-A266-2A5A-CE1148BFBC75}"
EndProject
Project("{FAE04EC0-301F-11D3-BF4B-00C04F79EFBC}") = "VuforiaEditorScripts", "VuforiaEditorScripts.csproj", "{0CA1A429-CEF2-655D-AA75-81901815F127}"
EndProject
Global
	GlobalSection(SolutionConfigurationPlatforms) = preSolution
		Debug|Any CPU = Debug|Any CPU
		Release|Any CPU = Release|Any CPU
	EndGlobalSection
	GlobalSection(ProjectConfigurationPlatforms) = postSolution
		{7E36F910-AEA5-C4BB-4C12-1441DF39FEA9}.Debug|Any CPU.ActiveCfg = Debug|Any CPU
		{7E36F910-AEA5-C4BB-4C12-1441DF39FEA9}.Debug|Any CPU.Build.0 = Debug|Any CPU
		{7E36F910-AEA5-C4BB-4C12-1441DF39FEA9}.Release|Any CPU.ActiveCfg = Release|Any CPU
		{7E36F910-AEA5-C4BB-4C12-1441DF39FEA9}.Release|Any CPU.Build.0 = Release|Any CPU
		{DFABFB18-7927-A266-2A5A-CE1148BFBC75}.Debug|Any CPU.ActiveCfg = Debug|Any CPU
		{DFABFB18-7927-A266-2A5A-CE1148BFBC75}.Debug|Any CPU.Build.0 = Debug|Any CPU
		{DFABFB18-7927-A266-2A5A-CE1148BFBC75}.Release|Any CPU.ActiveCfg = Release|Any CPU
		{DFABFB18-7927-A266-2A5A-CE1148BFBC75}.Release|Any CPU.Build.0 = Release|Any CPU
		{0CA1A429-CEF2-655D-AA75-81901815F127}.Debug|Any CPU.ActiveCfg = Debug|Any CPU
		{0CA1A429-CEF2-655D-AA75-81901815F127}.Debug|Any CPU.Build.0 = Debug|Any CPU
		{0CA1A429-CEF2-655D-AA75-81901815F127}.Release|Any CPU.ActiveCfg = Release|Any CPU
		{0CA1A429-CEF2-655D-AA75-81901815F127}.Release|Any CPU.Build.0 = Release|Any CPU
	EndGlobalSection
	GlobalSection(SolutionProperties) = preSolution
		HideSolutionNode = FALSE
	EndGlobalSection
	GlobalSection(MonoDevelopProperties) = preSolution
		StartupItem = Assembly-CSharp.csproj
	EndGlobalSection
EndGlobal
